
Microsoft Visual Studio Solution File, Format Version 12.00
# Visual Studio Version 17
VisualStudioVersion = 17.2.32616.157
MinimumVisualStudioVersion = 10.0.40219.1
Project("{FAE04EC0-301F-11D3-BF4B-00C04F79EFBC}") = "ConsoleApp11", "ConsoleApp11\ConsoleApp11.csproj", "{1554CA25-46BA-4622-9585-A8161147E1D3}"
EndProject
Global
	GlobalSection(SolutionConfigurationPlatforms) = preSolution
		Debug|Any CPU = Debug|Any CPU
		Release|Any CPU = Release|Any CPU
	EndGlobalSection
	GlobalSection(ProjectConfigurationPlatforms) = postSolution
		{1554CA25-46BA-4622-9585-A8161147E1D3}.Debug|Any CPU.ActiveCfg = Debug|Any CPU
		{1554CA25-46BA-4622-9585-A8161147E1D3}.Debug|Any CPU.Build.0 = Debug|Any CPU
		{1554CA25-46BA-4622-9585-A8161147E1D3}.Release|Any CPU.ActiveCfg = Release|Any CPU
		{1554CA25-46BA-4622-9585-A8161147E1D3}.Release|Any CPU.Build.0 = Release|Any CPU
	EndGlobalSection
	GlobalSection(SolutionProperties) = preSolution
		HideSolutionNode = FALSE
	EndGlobalSection
	GlobalSection(ExtensibilityGlobals) = postSolution
		SolutionGuid = {5F9B381E-0F97-45A5-8FF4-350EAA0258EB}
	EndGlobalSection
EndGlobal
