
Microsoft Visual Studio Solution File, Format Version 12.00
# Visual Studio Version 17
VisualStudioVersion = 17.2.32616.157
MinimumVisualStudioVersion = 10.0.40219.1
Project("{FAE04EC0-301F-11D3-BF4B-00C04F79EFBC}") = "ConsoleApp13", "ConsoleApp13\ConsoleApp13.csproj", "{534B5B42-6AE0-4E78-98A2-4E82F7C4C07F}"
EndProject
Global
	GlobalSection(SolutionConfigurationPlatforms) = preSolution
		Debug|Any CPU = Debug|Any CPU
		Release|Any CPU = Release|Any CPU
	EndGlobalSection
	GlobalSection(ProjectConfigurationPlatforms) = postSolution
		{534B5B42-6AE0-4E78-98A2-4E82F7C4C07F}.Debug|Any CPU.ActiveCfg = Debug|Any CPU
		{534B5B42-6AE0-4E78-98A2-4E82F7C4C07F}.Debug|Any CPU.Build.0 = Debug|Any CPU
		{534B5B42-6AE0-4E78-98A2-4E82F7C4C07F}.Release|Any CPU.ActiveCfg = Release|Any CPU
		{534B5B42-6AE0-4E78-98A2-4E82F7C4C07F}.Release|Any CPU.Build.0 = Release|Any CPU
	EndGlobalSection
	GlobalSection(SolutionProperties) = preSolution
		HideSolutionNode = FALSE
	EndGlobalSection
	GlobalSection(ExtensibilityGlobals) = postSolution
		SolutionGuid = {87F166E9-3865-46DF-BA21-896D75032677}
	EndGlobalSection
EndGlobal
